
Microsoft Visual Studio Solution File, Format Version 12.00
# Visual Studio 15
VisualStudioVersion = 15.0.28307.271
MinimumVisualStudioVersion = 10.0.40219.1
Project("{FAE04EC0-301F-11D3-BF4B-00C04F79EFBC}") = "Pendvlo", "Pendvlo\Pendvlo.csproj", "{1667C903-EFDA-4C93-A3C9-80442A6EB7B0}"
EndProject
Global
	GlobalSection(SolutionConfigurationPlatforms) = preSolution
		Debug|Any CPU = Debug|Any CPU
		Release|Any CPU = Release|Any CPU
	EndGlobalSection
	GlobalSection(ProjectConfigurationPlatforms) = postSolution
		{1667C903-EFDA-4C93-A3C9-80442A6EB7B0}.Debug|Any CPU.ActiveCfg = Debug|Any CPU
		{1667C903-EFDA-4C93-A3C9-80442A6EB7B0}.Debug|Any CPU.Build.0 = Debug|Any CPU
		{1667C903-EFDA-4C93-A3C9-80442A6EB7B0}.Release|Any CPU.ActiveCfg = Release|Any CPU
		{1667C903-EFDA-4C93-A3C9-80442A6EB7B0}.Release|Any CPU.Build.0 = Release|Any CPU
	EndGlobalSection
	GlobalSection(SolutionProperties) = preSolution
		HideSolutionNode = FALSE
	EndGlobalSection
	GlobalSection(ExtensibilityGlobals) = postSolution
		SolutionGuid = {456D676D-B89A-43D3-8869-0A02881C3EAF}
	EndGlobalSection
EndGlobal
